
Microsoft Visual Studio Solution File, Format Version 12.00
# Visual Studio Version 17
VisualStudioVersion = 17.5.2.0
MinimumVisualStudioVersion = 10.0.40219.1
Project("{2150E333-8FDC-42A3-9474-1A3956D46DE8}") = "src", "src", "{827E0CD3-B72D-47B6-A68D-7590B98EB39B}"
EndProject
Project("{FAE04EC0-301F-11D3-BF4B-00C04F79EFBC}") = "BotCarniceria.Core", "src\BotCarniceria.Core\BotCarniceria.Core.csproj", "{FC2E9D60-E287-485C-82A9-39008B2EF487}"
EndProject
Project("{FAE04EC0-301F-11D3-BF4B-00C04F79EFBC}") = "BotCarniceria.Infrastructure", "src\BotCarniceria.Infrastructure\BotCarniceria.Infrastructure.csproj", "{E6A6EAEC-8103-4996-B0DF-1881A1970DF9}"
EndProject
Project("{FAE04EC0-301F-11D3-BF4B-00C04F79EFBC}") = "BotCarniceria.Application.Bot", "src\BotCarniceria.Application.Bot\BotCarniceria.Application.Bot.csproj", "{41ADD2F2-AC14-46E3-A5B3-C9A5C77BAB71}"
EndProject
Project("{FAE04EC0-301F-11D3-BF4B-00C04F79EFBC}") = "BotCarniceria.Shared", "src\BotCarniceria.Shared\BotCarniceria.Shared.csproj", "{3CF90549-C139-4C2C-9D3C-0FC1A0633A9E}"
EndProject
Project("{FAE04EC0-301F-11D3-BF4B-00C04F79EFBC}") = "BotCarniceria.Presentation.API", "src\BotCarniceria.Presentation.API\BotCarniceria.Presentation.API.csproj", "{EF24302C-03F7-4638-9BC4-4AB09C4FB2D2}"
EndProject
Project("{FAE04EC0-301F-11D3-BF4B-00C04F79EFBC}") = "BotCarniceria.Presentation.Blazor", "src\BotCarniceria.Presentation.Blazor\BotCarniceria.Presentation.Blazor.csproj", "{3DCF7A47-B7E4-487D-B399-536303408A4F}"
EndProject
Project("{2150E333-8FDC-42A3-9474-1A3956D46DE8}") = "tests", "tests", "{0AB3BF05-4346-4AA6-1389-037BE0695223}"
EndProject
Project("{FAE04EC0-301F-11D3-BF4B-00C04F79EFBC}") = "BotCarniceria.Presentation.API.Tests", "tests\BotCarniceria.Presentation.API.Tests\BotCarniceria.Presentation.API.Tests.csproj", "{5C0EC8D7-8959-4205-9652-F9B17ABEA8AF}"
EndProject
Project("{FAE04EC0-301F-11D3-BF4B-00C04F79EFBC}") = "BotCarniceria.Presentation.Blazor.Tests", "tests\BotCarniceria.Presentation.Blazor.Tests\BotCarniceria.Presentation.Blazor.Tests.csproj", "{585D1FC0-BB58-472F-A878-96FAFFE2E493}"
EndProject
Project("{FAE04EC0-301F-11D3-BF4B-00C04F79EFBC}") = "BotCarniceria.E2ETests", "tests\BotCarniceria.E2ETests\BotCarniceria.E2ETests.csproj", "{EEAE32A2-C077-4D5A-8034-75B33E558636}"
EndProject
Project("{FAE04EC0-301F-11D3-BF4B-00C04F79EFBC}") = "BotCarniceria.Application.Bot.Tests", "tests\BotCarniceria.Application.Bot.Tests\BotCarniceria.Application.Bot.Tests.csproj", "{C4992E6E-E942-434D-BB8D-467EBF622C40}"
EndProject
Project("{FAE04EC0-301F-11D3-BF4B-00C04F79EFBC}") = "BotCarniceria.Infrastructure.Tests", "tests\BotCarniceria.Infrastructure.Tests\BotCarniceria.Infrastructure.Tests.csproj", "{BCA24A7C-1D18-4673-A899-7B7DA72FD7F3}"
EndProject
Project("{FAE04EC0-301F-11D3-BF4B-00C04F79EFBC}") = "BotCarniceria.IntegrationTests", "tests\BotCarniceria.IntegrationTests\BotCarniceria.IntegrationTests.csproj", "{8F1422C6-CF96-488E-B47D-901A71172B7F}"
EndProject
Project("{FAE04EC0-301F-11D3-BF4B-00C04F79EFBC}") = "BotCarniceria.UnitTests", "tests\BotCarniceria.UnitTests\BotCarniceria.UnitTests.csproj", "{21C0C1EA-3630-48EA-95F2-97C9D6239053}"
EndProject
Project("{FAE04EC0-301F-11D3-BF4B-00C04F79EFBC}") = "BotCarniceria.ArchitectureTests", "tests\BotCarniceria.ArchitectureTests\BotCarniceria.ArchitectureTests.csproj", "{71BCF9D5-05B2-41A0-93CE-C4A2A1CA69EA}"
EndProject
Global
	GlobalSection(SolutionConfigurationPlatforms) = preSolution
		Debug|Any CPU = Debug|Any CPU
		Debug|x64 = Debug|x64
		Debug|x86 = Debug|x86
		Release|Any CPU = Release|Any CPU
		Release|x64 = Release|x64
		Release|x86 = Release|x86
	EndGlobalSection
	GlobalSection(ProjectConfigurationPlatforms) = postSolution
		{FC2E9D60-E287-485C-82A9-39008B2EF487}.Debug|Any CPU.ActiveCfg = Debug|Any CPU
		{FC2E9D60-E287-485C-82A9-39008B2EF487}.Debug|Any CPU.Build.0 = Debug|Any CPU
		{FC2E9D60-E287-485C-82A9-39008B2EF487}.Debug|x64.ActiveCfg = Debug|Any CPU
		{FC2E9D60-E287-485C-82A9-39008B2EF487}.Debug|x64.Build.0 = Debug|Any CPU
		{FC2E9D60-E287-485C-82A9-39008B2EF487}.Debug|x86.ActiveCfg = Debug|Any CPU
		{FC2E9D60-E287-485C-82A9-39008B2EF487}.Debug|x86.Build.0 = Debug|Any CPU
		{FC2E9D60-E287-485C-82A9-39008B2EF487}.Release|Any CPU.ActiveCfg = Release|Any CPU
		{FC2E9D60-E287-485C-82A9-39008B2EF487}.Release|Any CPU.Build.0 = Release|Any CPU
		{FC2E9D60-E287-485C-82A9-39008B2EF487}.Release|x64.ActiveCfg = Release|Any CPU
		{FC2E9D60-E287-485C-82A9-39008B2EF487}.Release|x64.Build.0 = Release|Any CPU
		{FC2E9D60-E287-485C-82A9-39008B2EF487}.Release|x86.ActiveCfg = Release|Any CPU
		{FC2E9D60-E287-485C-82A9-39008B2EF487}.Release|x86.Build.0 = Release|Any CPU
		{E6A6EAEC-8103-4996-B0DF-1881A1970DF9}.Debug|Any CPU.ActiveCfg = Debug|Any CPU
		{E6A6EAEC-8103-4996-B0DF-1881A1970DF9}.Debug|Any CPU.Build.0 = Debug|Any CPU
		{E6A6EAEC-8103-4996-B0DF-1881A1970DF9}.Debug|x64.ActiveCfg = Debug|Any CPU
		{E6A6EAEC-8103-4996-B0DF-1881A1970DF9}.Debug|x64.Build.0 = Debug|Any CPU
		{E6A6EAEC-8103-4996-B0DF-1881A1970DF9}.Debug|x86.ActiveCfg = Debug|Any CPU
		{E6A6EAEC-8103-4996-B0DF-1881A1970DF9}.Debug|x86.Build.0 = Debug|Any CPU
		{E6A6EAEC-8103-4996-B0DF-1881A1970DF9}.Release|Any CPU.ActiveCfg = Release|Any CPU
		{E6A6EAEC-8103-4996-B0DF-1881A1970DF9}.Release|Any CPU.Build.0 = Release|Any CPU
		{E6A6EAEC-8103-4996-B0DF-1881A1970DF9}.Release|x64.ActiveCfg = Release|Any CPU
		{E6A6EAEC-8103-4996-B0DF-1881A1970DF9}.Release|x64.Build.0 = Release|Any CPU
		{E6A6EAEC-8103-4996-B0DF-1881A1970DF9}.Release|x86.ActiveCfg = Release|Any CPU
		{E6A6EAEC-8103-4996-B0DF-1881A1970DF9}.Release|x86.Build.0 = Release|Any CPU
		{41ADD2F2-AC14-46E3-A5B3-C9A5C77BAB71}.Debug|Any CPU.ActiveCfg = Debug|Any CPU
		{41ADD2F2-AC14-46E3-A5B3-C9A5C77BAB71}.Debug|Any CPU.Build.0 = Debug|Any CPU
		{41ADD2F2-AC14-46E3-A5B3-C9A5C77BAB71}.Debug|x64.ActiveCfg = Debug|Any CPU
		{41ADD2F2-AC14-46E3-A5B3-C9A5C77BAB71}.Debug|x64.Build.0 = Debug|Any CPU
		{41ADD2F2-AC14-46E3-A5B3-C9A5C77BAB71}.Debug|x86.ActiveCfg = Debug|Any CPU
		{41ADD2F2-AC14-46E3-A5B3-C9A5C77BAB71}.Debug|x86.Build.0 = Debug|Any CPU
		{41ADD2F2-AC14-46E3-A5B3-C9A5C77BAB71}.Release|Any CPU.ActiveCfg = Release|Any CPU
		{41ADD2F2-AC14-46E3-A5B3-C9A5C77BAB71}.Release|Any CPU.Build.0 = Release|Any CPU
		{41ADD2F2-AC14-46E3-A5B3-C9A5C77BAB71}.Release|x64.ActiveCfg = Release|Any CPU
		{41ADD2F2-AC14-46E3-A5B3-C9A5C77BAB71}.Release|x64.Build.0 = Release|Any CPU
		{41ADD2F2-AC14-46E3-A5B3-C9A5C77BAB71}.Release|x86.ActiveCfg = Release|Any CPU
		{41ADD2F2-AC14-46E3-A5B3-C9A5C77BAB71}.Release|x86.Build.0 = Release|Any CPU
		{3CF90549-C139-4C2C-9D3C-0FC1A0633A9E}.Debug|Any CPU.ActiveCfg = Debug|Any CPU
		{3CF90549-C139-4C2C-9D3C-0FC1A0633A9E}.Debug|Any CPU.Build.0 = Debug|Any CPU
		{3CF90549-C139-4C2C-9D3C-0FC1A0633A9E}.Debug|x64.ActiveCfg = Debug|Any CPU
		{3CF90549-C139-4C2C-9D3C-0FC1A0633A9E}.Debug|x64.Build.0 = Debug|Any CPU
		{3CF90549-C139-4C2C-9D3C-0FC1A0633A9E}.Debug|x86.ActiveCfg = Debug|Any CPU
		{3CF90549-C139-4C2C-9D3C-0FC1A0633A9E}.Debug|x86.Build.0 = Debug|Any CPU
		{3CF90549-C139-4C2C-9D3C-0FC1A0633A9E}.Release|Any CPU.ActiveCfg = Release|Any CPU
		{3CF90549-C139-4C2C-9D3C-0FC1A0633A9E}.Release|Any CPU.Build.0 = Release|Any CPU
		{3CF90549-C139-4C2C-9D3C-0FC1A0633A9E}.Release|x64.ActiveCfg = Release|Any CPU
		{3CF90549-C139-4C2C-9D3C-0FC1A0633A9E}.Release|x64.Build.0 = Release|Any CPU
		{3CF90549-C139-4C2C-9D3C-0FC1A0633A9E}.Release|x86.ActiveCfg = Release|Any CPU
		{3CF90549-C139-4C2C-9D3C-0FC1A0633A9E}.Release|x86.Build.0 = Release|Any CPU
		{EF24302C-03F7-4638-9BC4-4AB09C4FB2D2}.Debug|Any CPU.ActiveCfg = Debug|Any CPU
		{EF24302C-03F7-4638-9BC4-4AB09C4FB2D2}.Debug|Any CPU.Build.0 = Debug|Any CPU
		{EF24302C-03F7-4638-9BC4-4AB09C4FB2D2}.Debug|x64.ActiveCfg = Debug|Any CPU
		{EF24302C-03F7-4638-9BC4-4AB09C4FB2D2}.Debug|x64.Build.0 = Debug|Any CPU
		{EF24302C-03F7-4638-9BC4-4AB09C4FB2D2}.Debug|x86.ActiveCfg = Debug|Any CPU
		{EF24302C-03F7-4638-9BC4-4AB09C4FB2D2}.Debug|x86.Build.0 = Debug|Any CPU
		{EF24302C-03F7-4638-9BC4-4AB09C4FB2D2}.Release|Any CPU.ActiveCfg = Release|Any CPU
		{EF24302C-03F7-4638-9BC4-4AB09C4FB2D2}.Release|Any CPU.Build.0 = Release|Any CPU
		{EF24302C-03F7-4638-9BC4-4AB09C4FB2D2}.Release|x64.ActiveCfg = Release|Any CPU
		{EF24302C-03F7-4638-9BC4-4AB09C4FB2D2}.Release|x64.Build.0 = Release|Any CPU
		{EF24302C-03F7-4638-9BC4-4AB09C4FB2D2}.Release|x86.ActiveCfg = Release|Any CPU
		{EF24302C-03F7-4638-9BC4-4AB09C4FB2D2}.Release|x86.Build.0 = Release|Any CPU
		{3DCF7A47-B7E4-487D-B399-536303408A4F}.Debug|Any CPU.ActiveCfg = Debug|Any CPU
		{3DCF7A47-B7E4-487D-B399-536303408A4F}.Debug|Any CPU.Build.0 = Debug|Any CPU
		{3DCF7A47-B7E4-487D-B399-536303408A4F}.Debug|x64.ActiveCfg = Debug|Any CPU
		{3DCF7A47-B7E4-487D-B399-536303408A4F}.Debug|x64.Build.0 = Debug|Any CPU
		{3DCF7A47-B7E4-487D-B399-536303408A4F}.Debug|x86.ActiveCfg = Debug|Any CPU
		{3DCF7A47-B7E4-487D-B399-536303408A4F}.Debug|x86.Build.0 = Debug|Any CPU
		{3DCF7A47-B7E4-487D-B399-536303408A4F}.Release|Any CPU.ActiveCfg = Release|Any CPU
		{3DCF7A47-B7E4-487D-B399-536303408A4F}.Release|Any CPU.Build.0 = Release|Any CPU
		{3DCF7A47-B7E4-487D-B399-536303408A4F}.Release|x64.ActiveCfg = Release|Any CPU
		{3DCF7A47-B7E4-487D-B399-536303408A4F}.Release|x64.Build.0 = Release|Any CPU
		{3DCF7A47-B7E4-487D-B399-536303408A4F}.Release|x86.ActiveCfg = Release|Any CPU
		{3DCF7A47-B7E4-487D-B399-536303408A4F}.Release|x86.Build.0 = Release|Any CPU
		{5C0EC8D7-8959-4205-9652-F9B17ABEA8AF}.Debug|Any CPU.ActiveCfg = Debug|Any CPU
		{5C0EC8D7-8959-4205-9652-F9B17ABEA8AF}.Debug|Any CPU.Build.0 = Debug|Any CPU
		{5C0EC8D7-8959-4205-9652-F9B17ABEA8AF}.Debug|x64.ActiveCfg = Debug|Any CPU
		{5C0EC8D7-8959-4205-9652-F9B17ABEA8AF}.Debug|x64.Build.0 = Debug|Any CPU
		{5C0EC8D7-8959-4205-9652-F9B17ABEA8AF}.Debug|x86.ActiveCfg = Debug|Any CPU
		{5C0EC8D7-8959-4205-9652-F9B17ABEA8AF}.Debug|x86.Build.0 = Debug|Any CPU
		{5C0EC8D7-8959-4205-9652-F9B17ABEA8AF}.Release|Any CPU.ActiveCfg = Release|Any CPU
		{5C0EC8D7-8959-4205-9652-F9B17ABEA8AF}.Release|Any CPU.Build.0 = Release|Any CPU
		{5C0EC8D7-8959-4205-9652-F9B17ABEA8AF}.Release|x64.ActiveCfg = Release|Any CPU
		{5C0EC8D7-8959-4205-9652-F9B17ABEA8AF}.Release|x64.Build.0 = Release|Any CPU
		{5C0EC8D7-8959-4205-9652-F9B17ABEA8AF}.Release|x86.ActiveCfg = Release|Any CPU
		{5C0EC8D7-8959-4205-9652-F9B17ABEA8AF}.Release|x86.Build.0 = Release|Any CPU
		{585D1FC0-BB58-472F-A878-96FAFFE2E493}.Debug|Any CPU.ActiveCfg = Debug|Any CPU
		{585D1FC0-BB58-472F-A878-96FAFFE2E493}.Debug|Any CPU.Build.0 = Debug|Any CPU
		{585D1FC0-BB58-472F-A878-96FAFFE2E493}.Debug|x64.ActiveCfg = Debug|Any CPU
		{585D1FC0-BB58-472F-A878-96FAFFE2E493}.Debug|x64.Build.0 = Debug|Any CPU
		{585D1FC0-BB58-472F-A878-96FAFFE2E493}.Debug|x86.ActiveCfg = Debug|Any CPU
		{585D1FC0-BB58-472F-A878-96FAFFE2E493}.Debug|x86.Build.0 = Debug|Any CPU
		{585D1FC0-BB58-472F-A878-96FAFFE2E493}.Release|Any CPU.ActiveCfg = Release|Any CPU
		{585D1FC0-BB58-472F-A878-96FAFFE2E493}.Release|Any CPU.Build.0 = Release|Any CPU
		{585D1FC0-BB58-472F-A878-96FAFFE2E493}.Release|x64.ActiveCfg = Release|Any CPU
		{585D1FC0-BB58-472F-A878-96FAFFE2E493}.Release|x64.Build.0 = Release|Any CPU
		{585D1FC0-BB58-472F-A878-96FAFFE2E493}.Release|x86.ActiveCfg = Release|Any CPU
		{585D1FC0-BB58-472F-A878-96FAFFE2E493}.Release|x86.Build.0 = Release|Any CPU
		{EEAE32A2-C077-4D5A-8034-75B33E558636}.Debug|Any CPU.ActiveCfg = Debug|Any CPU
		{EEAE32A2-C077-4D5A-8034-75B33E558636}.Debug|Any CPU.Build.0 = Debug|Any CPU
		{EEAE32A2-C077-4D5A-8034-75B33E558636}.Debug|x64.ActiveCfg = Debug|Any CPU
		{EEAE32A2-C077-4D5A-8034-75B33E558636}.Debug|x64.Build.0 = Debug|Any CPU
		{EEAE32A2-C077-4D5A-8034-75B33E558636}.Debug|x86.ActiveCfg = Debug|Any CPU
		{EEAE32A2-C077-4D5A-8034-75B33E558636}.Debug|x86.Build.0 = Debug|Any CPU
		{EEAE32A2-C077-4D5A-8034-75B33E558636}.Release|Any CPU.ActiveCfg = Release|Any CPU
		{EEAE32A2-C077-4D5A-8034-75B33E558636}.Release|Any CPU.Build.0 = Release|Any CPU
		{EEAE32A2-C077-4D5A-8034-75B33E558636}.Release|x64.ActiveCfg = Release|Any CPU
		{EEAE32A2-C077-4D5A-8034-75B33E558636}.Release|x64.Build.0 = Release|Any CPU
		{EEAE32A2-C077-4D5A-8034-75B33E558636}.Release|x86.ActiveCfg = Release|Any CPU
		{EEAE32A2-C077-4D5A-8034-75B33E558636}.Release|x86.Build.0 = Release|Any CPU
		{C4992E6E-E942-434D-BB8D-467EBF622C40}.Debug|Any CPU.ActiveCfg = Debug|Any CPU
		{C4992E6E-E942-434D-BB8D-467EBF622C40}.Debug|Any CPU.Build.0 = Debug|Any CPU
		{C4992E6E-E942-434D-BB8D-467EBF622C40}.Debug|x64.ActiveCfg = Debug|Any CPU
		{C4992E6E-E942-434D-BB8D-467EBF622C40}.Debug|x64.Build.0 = Debug|Any CPU
		{C4992E6E-E942-434D-BB8D-467EBF622C40}.Debug|x86.ActiveCfg = Debug|Any CPU
		{C4992E6E-E942-434D-BB8D-467EBF622C40}.Debug|x86.Build.0 = Debug|Any CPU
		{C4992E6E-E942-434D-BB8D-467EBF622C40}.Release|Any CPU.ActiveCfg = Release|Any CPU
		{C4992E6E-E942-434D-BB8D-467EBF622C40}.Release|Any CPU.Build.0 = Release|Any CPU
		{C4992E6E-E942-434D-BB8D-467EBF622C40}.Release|x64.ActiveCfg = Release|Any CPU
		{C4992E6E-E942-434D-BB8D-467EBF622C40}.Release|x64.Build.0 = Release|Any CPU
		{C4992E6E-E942-434D-BB8D-467EBF622C40}.Release|x86.ActiveCfg = Release|Any CPU
		{C4992E6E-E942-434D-BB8D-467EBF622C40}.Release|x86.Build.0 = Release|Any CPU
		{BCA24A7C-1D18-4673-A899-7B7DA72FD7F3}.Debug|Any CPU.ActiveCfg = Debug|Any CPU
		{BCA24A7C-1D18-4673-A899-7B7DA72FD7F3}.Debug|Any CPU.Build.0 = Debug|Any CPU
		{BCA24A7C-1D18-4673-A899-7B7DA72FD7F3}.Debug|x64.ActiveCfg = Debug|Any CPU
		{BCA24A7C-1D18-4673-A899-7B7DA72FD7F3}.Debug|x64.Build.0 = Debug|Any CPU
		{BCA24A7C-1D18-4673-A899-7B7DA72FD7F3}.Debug|x86.ActiveCfg = Debug|Any CPU
		{BCA24A7C-1D18-4673-A899-7B7DA72FD7F3}.Debug|x86.Build.0 = Debug|Any CPU
		{BCA24A7C-1D18-4673-A899-7B7DA72FD7F3}.Release|Any CPU.ActiveCfg = Release|Any CPU
		{BCA24A7C-1D18-4673-A899-7B7DA72FD7F3}.Release|Any CPU.Build.0 = Release|Any CPU
		{BCA24A7C-1D18-4673-A899-7B7DA72FD7F3}.Release|x64.ActiveCfg = Release|Any CPU
		{BCA24A7C-1D18-4673-A899-7B7DA72FD7F3}.Release|x64.Build.0 = Release|Any CPU
		{BCA24A7C-1D18-4673-A899-7B7DA72FD7F3}.Release|x86.ActiveCfg = Release|Any CPU
		{BCA24A7C-1D18-4673-A899-7B7DA72FD7F3}.Release|x86.Build.0 = Release|Any CPU
		{8F1422C6-CF96-488E-B47D-901A71172B7F}.Debug|Any CPU.ActiveCfg = Debug|Any CPU
		{8F1422C6-CF96-488E-B47D-901A71172B7F}.Debug|Any CPU.Build.0 = Debug|Any CPU
		{8F1422C6-CF96-488E-B47D-901A71172B7F}.Debug|x64.ActiveCfg = Debug|Any CPU
		{8F1422C6-CF96-488E-B47D-901A71172B7F}.Debug|x64.Build.0 = Debug|Any CPU
		{8F1422C6-CF96-488E-B47D-901A71172B7F}.Debug|x86.ActiveCfg = Debug|Any CPU
		{8F1422C6-CF96-488E-B47D-901A71172B7F}.Debug|x86.Build.0 = Debug|Any CPU
		{8F1422C6-CF96-488E-B47D-901A71172B7F}.Release|Any CPU.ActiveCfg = Release|Any CPU
		{8F1422C6-CF96-488E-B47D-901A71172B7F}.Release|Any CPU.Build.0 = Release|Any CPU
		{8F1422C6-CF96-488E-B47D-901A71172B7F}.Release|x64.ActiveCfg = Release|Any CPU
		{8F1422C6-CF96-488E-B47D-901A71172B7F}.Release|x64.Build.0 = Release|Any CPU
		{8F1422C6-CF96-488E-B47D-901A71172B7F}.Release|x86.ActiveCfg = Release|Any CPU
		{8F1422C6-CF96-488E-B47D-901A71172B7F}.Release|x86.Build.0 = Release|Any CPU
		{21C0C1EA-3630-48EA-95F2-97C9D6239053}.Debug|Any CPU.ActiveCfg = Debug|Any CPU
		{21C0C1EA-3630-48EA-95F2-97C9D6239053}.Debug|Any CPU.Build.0 = Debug|Any CPU
		{21C0C1EA-3630-48EA-95F2-97C9D6239053}.Debug|x64.ActiveCfg = Debug|Any CPU
		{21C0C1EA-3630-48EA-95F2-97C9D6239053}.Debug|x64.Build.0 = Debug|Any CPU
		{21C0C1EA-3630-48EA-95F2-97C9D6239053}.Debug|x86.ActiveCfg = Debug|Any CPU
		{21C0C1EA-3630-48EA-95F2-97C9D6239053}.Debug|x86.Build.0 = Debug|Any CPU
		{21C0C1EA-3630-48EA-95F2-97C9D6239053}.Release|Any CPU.ActiveCfg = Release|Any CPU
		{21C0C1EA-3630-48EA-95F2-97C9D6239053}.Release|Any CPU.Build.0 = Release|Any CPU
		{21C0C1EA-3630-48EA-95F2-97C9D6239053}.Release|x64.ActiveCfg = Release|Any CPU
		{21C0C1EA-3630-48EA-95F2-97C9D6239053}.Release|x64.Build.0 = Release|Any CPU
		{21C0C1EA-3630-48EA-95F2-97C9D6239053}.Release|x86.ActiveCfg = Release|Any CPU
		{21C0C1EA-3630-48EA-95F2-97C9D6239053}.Release|x86.Build.0 = Release|Any CPU
		{71BCF9D5-05B2-41A0-93CE-C4A2A1CA69EA}.Debug|Any CPU.ActiveCfg = Debug|Any CPU
		{71BCF9D5-05B2-41A0-93CE-C4A2A1CA69EA}.Debug|Any CPU.Build.0 = Debug|Any CPU
		{71BCF9D5-05B2-41A0-93CE-C4A2A1CA69EA}.Debug|x64.ActiveCfg = Debug|Any CPU
		{71BCF9D5-05B2-41A0-93CE-C4A2A1CA69EA}.Debug|x64.Build.0 = Debug|Any CPU
		{71BCF9D5-05B2-41A0-93CE-C4A2A1CA69EA}.Debug|x86.ActiveCfg = Debug|Any CPU
		{71BCF9D5-05B2-41A0-93CE-C4A2A1CA69EA}.Debug|x86.Build.0 = Debug|Any CPU
		{71BCF9D5-05B2-41A0-93CE-C4A2A1CA69EA}.Release|Any CPU.ActiveCfg = Release|Any CPU
		{71BCF9D5-05B2-41A0-93CE-C4A2A1CA69EA}.Release|Any CPU.Build.0 = Release|Any CPU
		{71BCF9D5-05B2-41A0-93CE-C4A2A1CA69EA}.Release|x64.ActiveCfg = Release|Any CPU
		{71BCF9D5-05B2-41A0-93CE-C4A2A1CA69EA}.Release|x64.Build.0 = Release|Any CPU
		{71BCF9D5-05B2-41A0-93CE-C4A2A1CA69EA}.Release|x86.ActiveCfg = Release|Any CPU
		{71BCF9D5-05B2-41A0-93CE-C4A2A1CA69EA}.Release|x86.Build.0 = Release|Any CPU
	EndGlobalSection
	GlobalSection(SolutionProperties) = preSolution
		HideSolutionNode = FALSE
	EndGlobalSection
	GlobalSection(NestedProjects) = preSolution
		{FC2E9D60-E287-485C-82A9-39008B2EF487} = {827E0CD3-B72D-47B6-A68D-7590B98EB39B}
		{E6A6EAEC-8103-4996-B0DF-1881A1970DF9} = {827E0CD3-B72D-47B6-A68D-7590B98EB39B}
		{41ADD2F2-AC14-46E3-A5B3-C9A5C77BAB71} = {827E0CD3-B72D-47B6-A68D-7590B98EB39B}
		{3CF90549-C139-4C2C-9D3C-0FC1A0633A9E} = {827E0CD3-B72D-47B6-A68D-7590B98EB39B}
		{EF24302C-03F7-4638-9BC4-4AB09C4FB2D2} = {827E0CD3-B72D-47B6-A68D-7590B98EB39B}
		{3DCF7A47-B7E4-487D-B399-536303408A4F} = {827E0CD3-B72D-47B6-A68D-7590B98EB39B}
		{5C0EC8D7-8959-4205-9652-F9B17ABEA8AF} = {0AB3BF05-4346-4AA6-1389-037BE0695223}
		{585D1FC0-BB58-472F-A878-96FAFFE2E493} = {0AB3BF05-4346-4AA6-1389-037BE0695223}
		{EEAE32A2-C077-4D5A-8034-75B33E558636} = {0AB3BF05-4346-4AA6-1389-037BE0695223}
		{C4992E6E-E942-434D-BB8D-467EBF622C40} = {0AB3BF05-4346-4AA6-1389-037BE0695223}
		{BCA24A7C-1D18-4673-A899-7B7DA72FD7F3} = {0AB3BF05-4346-4AA6-1389-037BE0695223}
		{8F1422C6-CF96-488E-B47D-901A71172B7F} = {0AB3BF05-4346-4AA6-1389-037BE0695223}
		{21C0C1EA-3630-48EA-95F2-97C9D6239053} = {0AB3BF05-4346-4AA6-1389-037BE0695223}
		{71BCF9D5-05B2-41A0-93CE-C4A2A1CA69EA} = {0AB3BF05-4346-4AA6-1389-037BE0695223}
	EndGlobalSection
	GlobalSection(ExtensibilityGlobals) = postSolution
		SolutionGuid = {5EDB1FF2-6C3E-4BD4-9366-E79FE1EA9087}
	EndGlobalSection
EndGlobal
